
Microsoft Visual Studio Solution File, Format Version 12.00
# Visual Studio 14
VisualStudioVersion = 14.0.23107.0
MinimumVisualStudioVersion = 10.0.40219.1
Project("{FAE04EC0-301F-11D3-BF4B-00C04F79EFBC}") = "Ch09_WPF", "Ch09_WPF\Ch09_WPF.csproj", "{9597CED6-3E41-4600-99FE-ABCCFA5E4124}"
EndProject
Project("{FAE04EC0-301F-11D3-BF4B-00C04F79EFBC}") = "Ch09_UWP", "Ch09_UWP\Ch09_UWP.csproj", "{8D0B79B7-DDC7-4875-A2AC-89D9D84BAFB1}"
EndProject
Project("{FAE04EC0-301F-11D3-BF4B-00C04F79EFBC}") = "Ch09_DataBinding", "Ch09_DataBinding\Ch09_DataBinding.csproj", "{AAE684A5-FCA0-4891-9F70-03D45C0AD69D}"
EndProject
Project("{FAE04EC0-301F-11D3-BF4B-00C04F79EFBC}") = "Ch09_BouncingBall", "Ch09_BouncingBall\Ch09_BouncingBall.csproj", "{3D141578-29CE-4700-909D-20BDFE04AE9E}"
EndProject
Global
	GlobalSection(SolutionConfigurationPlatforms) = preSolution
		Debug|Any CPU = Debug|Any CPU
		Debug|ARM = Debug|ARM
		Debug|x64 = Debug|x64
		Debug|x86 = Debug|x86
		Release|Any CPU = Release|Any CPU
		Release|ARM = Release|ARM
		Release|x64 = Release|x64
		Release|x86 = Release|x86
	EndGlobalSection
	GlobalSection(ProjectConfigurationPlatforms) = postSolution
		{9597CED6-3E41-4600-99FE-ABCCFA5E4124}.Debug|Any CPU.ActiveCfg = Debug|Any CPU
		{9597CED6-3E41-4600-99FE-ABCCFA5E4124}.Debug|Any CPU.Build.0 = Debug|Any CPU
		{9597CED6-3E41-4600-99FE-ABCCFA5E4124}.Debug|ARM.ActiveCfg = Debug|Any CPU
		{9597CED6-3E41-4600-99FE-ABCCFA5E4124}.Debug|ARM.Build.0 = Debug|Any CPU
		{9597CED6-3E41-4600-99FE-ABCCFA5E4124}.Debug|x64.ActiveCfg = Debug|Any CPU
		{9597CED6-3E41-4600-99FE-ABCCFA5E4124}.Debug|x64.Build.0 = Debug|Any CPU
		{9597CED6-3E41-4600-99FE-ABCCFA5E4124}.Debug|x86.ActiveCfg = Debug|Any CPU
		{9597CED6-3E41-4600-99FE-ABCCFA5E4124}.Debug|x86.Build.0 = Debug|Any CPU
		{9597CED6-3E41-4600-99FE-ABCCFA5E4124}.Release|Any CPU.ActiveCfg = Release|Any CPU
		{9597CED6-3E41-4600-99FE-ABCCFA5E4124}.Release|Any CPU.Build.0 = Release|Any CPU
		{9597CED6-3E41-4600-99FE-ABCCFA5E4124}.Release|ARM.ActiveCfg = Release|Any CPU
		{9597CED6-3E41-4600-99FE-ABCCFA5E4124}.Release|ARM.Build.0 = Release|Any CPU
		{9597CED6-3E41-4600-99FE-ABCCFA5E4124}.Release|x64.ActiveCfg = Release|Any CPU
		{9597CED6-3E41-4600-99FE-ABCCFA5E4124}.Release|x64.Build.0 = Release|Any CPU
		{9597CED6-3E41-4600-99FE-ABCCFA5E4124}.Release|x86.ActiveCfg = Release|Any CPU
		{9597CED6-3E41-4600-99FE-ABCCFA5E4124}.Release|x86.Build.0 = Release|Any CPU
		{8D0B79B7-DDC7-4875-A2AC-89D9D84BAFB1}.Debug|Any CPU.ActiveCfg = Debug|x86
		{8D0B79B7-DDC7-4875-A2AC-89D9D84BAFB1}.Debug|ARM.ActiveCfg = Debug|ARM
		{8D0B79B7-DDC7-4875-A2AC-89D9D84BAFB1}.Debug|ARM.Build.0 = Debug|ARM
		{8D0B79B7-DDC7-4875-A2AC-89D9D84BAFB1}.Debug|ARM.Deploy.0 = Debug|ARM
		{8D0B79B7-DDC7-4875-A2AC-89D9D84BAFB1}.Debug|x64.ActiveCfg = Debug|x64
		{8D0B79B7-DDC7-4875-A2AC-89D9D84BAFB1}.Debug|x64.Build.0 = Debug|x64
		{8D0B79B7-DDC7-4875-A2AC-89D9D84BAFB1}.Debug|x64.Deploy.0 = Debug|x64
		{8D0B79B7-DDC7-4875-A2AC-89D9D84BAFB1}.Debug|x86.ActiveCfg = Debug|x86
		{8D0B79B7-DDC7-4875-A2AC-89D9D84BAFB1}.Debug|x86.Build.0 = Debug|x86
		{8D0B79B7-DDC7-4875-A2AC-89D9D84BAFB1}.Debug|x86.Deploy.0 = Debug|x86
		{8D0B79B7-DDC7-4875-A2AC-89D9D84BAFB1}.Release|Any CPU.ActiveCfg = Release|x86
		{8D0B79B7-DDC7-4875-A2AC-89D9D84BAFB1}.Release|ARM.ActiveCfg = Release|ARM
		{8D0B79B7-DDC7-4875-A2AC-89D9D84BAFB1}.Release|ARM.Build.0 = Release|ARM
		{8D0B79B7-DDC7-4875-A2AC-89D9D84BAFB1}.Release|ARM.Deploy.0 = Release|ARM
		{8D0B79B7-DDC7-4875-A2AC-89D9D84BAFB1}.Release|x64.ActiveCfg = Release|x64
		{8D0B79B7-DDC7-4875-A2AC-89D9D84BAFB1}.Release|x64.Build.0 = Release|x64
		{8D0B79B7-DDC7-4875-A2AC-89D9D84BAFB1}.Release|x64.Deploy.0 = Release|x64
		{8D0B79B7-DDC7-4875-A2AC-89D9D84BAFB1}.Release|x86.ActiveCfg = Release|x86
		{8D0B79B7-DDC7-4875-A2AC-89D9D84BAFB1}.Release|x86.Build.0 = Release|x86
		{8D0B79B7-DDC7-4875-A2AC-89D9D84BAFB1}.Release|x86.Deploy.0 = Release|x86
		{AAE684A5-FCA0-4891-9F70-03D45C0AD69D}.Debug|Any CPU.ActiveCfg = Debug|x86
		{AAE684A5-FCA0-4891-9F70-03D45C0AD69D}.Debug|ARM.ActiveCfg = Debug|ARM
		{AAE684A5-FCA0-4891-9F70-03D45C0AD69D}.Debug|ARM.Build.0 = Debug|ARM
		{AAE684A5-FCA0-4891-9F70-03D45C0AD69D}.Debug|ARM.Deploy.0 = Debug|ARM
		{AAE684A5-FCA0-4891-9F70-03D45C0AD69D}.Debug|x64.ActiveCfg = Debug|x64
		{AAE684A5-FCA0-4891-9F70-03D45C0AD69D}.Debug|x64.Build.0 = Debug|x64
		{AAE684A5-FCA0-4891-9F70-03D45C0AD69D}.Debug|x64.Deploy.0 = Debug|x64
		{AAE684A5-FCA0-4891-9F70-03D45C0AD69D}.Debug|x86.ActiveCfg = Debug|x86
		{AAE684A5-FCA0-4891-9F70-03D45C0AD69D}.Debug|x86.Build.0 = Debug|x86
		{AAE684A5-FCA0-4891-9F70-03D45C0AD69D}.Debug|x86.Deploy.0 = Debug|x86
		{AAE684A5-FCA0-4891-9F70-03D45C0AD69D}.Release|Any CPU.ActiveCfg = Release|x86
		{AAE684A5-FCA0-4891-9F70-03D45C0AD69D}.Release|ARM.ActiveCfg = Release|ARM
		{AAE684A5-FCA0-4891-9F70-03D45C0AD69D}.Release|ARM.Build.0 = Release|ARM
		{AAE684A5-FCA0-4891-9F70-03D45C0AD69D}.Release|ARM.Deploy.0 = Release|ARM
		{AAE684A5-FCA0-4891-9F70-03D45C0AD69D}.Release|x64.ActiveCfg = Release|x64
		{AAE684A5-FCA0-4891-9F70-03D45C0AD69D}.Release|x64.Build.0 = Release|x64
		{AAE684A5-FCA0-4891-9F70-03D45C0AD69D}.Release|x64.Deploy.0 = Release|x64
		{AAE684A5-FCA0-4891-9F70-03D45C0AD69D}.Release|x86.ActiveCfg = Release|x86
		{AAE684A5-FCA0-4891-9F70-03D45C0AD69D}.Release|x86.Build.0 = Release|x86
		{AAE684A5-FCA0-4891-9F70-03D45C0AD69D}.Release|x86.Deploy.0 = Release|x86
		{3D141578-29CE-4700-909D-20BDFE04AE9E}.Debug|Any CPU.ActiveCfg = Debug|x86
		{3D141578-29CE-4700-909D-20BDFE04AE9E}.Debug|ARM.ActiveCfg = Debug|ARM
		{3D141578-29CE-4700-909D-20BDFE04AE9E}.Debug|ARM.Build.0 = Debug|ARM
		{3D141578-29CE-4700-909D-20BDFE04AE9E}.Debug|ARM.Deploy.0 = Debug|ARM
		{3D141578-29CE-4700-909D-20BDFE04AE9E}.Debug|x64.ActiveCfg = Debug|x64
		{3D141578-29CE-4700-909D-20BDFE04AE9E}.Debug|x64.Build.0 = Debug|x64
		{3D141578-29CE-4700-909D-20BDFE04AE9E}.Debug|x64.Deploy.0 = Debug|x64
		{3D141578-29CE-4700-909D-20BDFE04AE9E}.Debug|x86.ActiveCfg = Debug|x86
		{3D141578-29CE-4700-909D-20BDFE04AE9E}.Debug|x86.Build.0 = Debug|x86
		{3D141578-29CE-4700-909D-20BDFE04AE9E}.Debug|x86.Deploy.0 = Debug|x86
		{3D141578-29CE-4700-909D-20BDFE04AE9E}.Release|Any CPU.ActiveCfg = Release|x86
		{3D141578-29CE-4700-909D-20BDFE04AE9E}.Release|ARM.ActiveCfg = Release|ARM
		{3D141578-29CE-4700-909D-20BDFE04AE9E}.Release|ARM.Build.0 = Release|ARM
		{3D141578-29CE-4700-909D-20BDFE04AE9E}.Release|ARM.Deploy.0 = Release|ARM
		{3D141578-29CE-4700-909D-20BDFE04AE9E}.Release|x64.ActiveCfg = Release|x64
		{3D141578-29CE-4700-909D-20BDFE04AE9E}.Release|x64.Build.0 = Release|x64
		{3D141578-29CE-4700-909D-20BDFE04AE9E}.Release|x64.Deploy.0 = Release|x64
		{3D141578-29CE-4700-909D-20BDFE04AE9E}.Release|x86.ActiveCfg = Release|x86
		{3D141578-29CE-4700-909D-20BDFE04AE9E}.Release|x86.Build.0 = Release|x86
		{3D141578-29CE-4700-909D-20BDFE04AE9E}.Release|x86.Deploy.0 = Release|x86
	EndGlobalSection
	GlobalSection(SolutionProperties) = preSolution
		HideSolutionNode = FALSE
	EndGlobalSection
EndGlobal
