
Microsoft Visual Studio Solution File, Format Version 12.00
# Visual Studio 14
VisualStudioVersion = 14.0.23107.0
MinimumVisualStudioVersion = 10.0.40219.1
Project("{FAE04EC0-301F-11D3-BF4B-00C04F79EFBC}") = "Ch11_QuizModels", "Ch11_QuizModels\Ch11_QuizModels.csproj", "{87B9DFCB-944A-4FEF-B180-890D84AD2B83}"
EndProject
Project("{FAE04EC0-301F-11D3-BF4B-00C04F79EFBC}") = "Ch11_QuizRepository", "Ch11_QuizRepository\Ch11_QuizRepository.csproj", "{3F4AD572-EE09-4EEC-9653-3871BB1343C1}"
EndProject
Project("{FAE04EC0-301F-11D3-BF4B-00C04F79EFBC}") = "Ch11_QuizWebApp", "Ch11_QuizWebApp\Ch11_QuizWebApp.csproj", "{F576EB69-A0E8-46B3-937B-EC8F57953C2B}"
EndProject
Global
	GlobalSection(SolutionConfigurationPlatforms) = preSolution
		Debug|Any CPU = Debug|Any CPU
		Release|Any CPU = Release|Any CPU
	EndGlobalSection
	GlobalSection(ProjectConfigurationPlatforms) = postSolution
		{87B9DFCB-944A-4FEF-B180-890D84AD2B83}.Debug|Any CPU.ActiveCfg = Debug|Any CPU
		{87B9DFCB-944A-4FEF-B180-890D84AD2B83}.Debug|Any CPU.Build.0 = Debug|Any CPU
		{87B9DFCB-944A-4FEF-B180-890D84AD2B83}.Release|Any CPU.ActiveCfg = Release|Any CPU
		{87B9DFCB-944A-4FEF-B180-890D84AD2B83}.Release|Any CPU.Build.0 = Release|Any CPU
		{3F4AD572-EE09-4EEC-9653-3871BB1343C1}.Debug|Any CPU.ActiveCfg = Debug|Any CPU
		{3F4AD572-EE09-4EEC-9653-3871BB1343C1}.Debug|Any CPU.Build.0 = Debug|Any CPU
		{3F4AD572-EE09-4EEC-9653-3871BB1343C1}.Release|Any CPU.ActiveCfg = Release|Any CPU
		{3F4AD572-EE09-4EEC-9653-3871BB1343C1}.Release|Any CPU.Build.0 = Release|Any CPU
		{F576EB69-A0E8-46B3-937B-EC8F57953C2B}.Debug|Any CPU.ActiveCfg = Debug|Any CPU
		{F576EB69-A0E8-46B3-937B-EC8F57953C2B}.Debug|Any CPU.Build.0 = Debug|Any CPU
		{F576EB69-A0E8-46B3-937B-EC8F57953C2B}.Release|Any CPU.ActiveCfg = Release|Any CPU
		{F576EB69-A0E8-46B3-937B-EC8F57953C2B}.Release|Any CPU.Build.0 = Release|Any CPU
	EndGlobalSection
	GlobalSection(SolutionProperties) = preSolution
		HideSolutionNode = FALSE
	EndGlobalSection
EndGlobal
