
Microsoft Visual Studio Solution File, Format Version 12.00
# Visual Studio 14
VisualStudioVersion = 14.0.23107.0
MinimumVisualStudioVersion = 10.0.40219.1
Project("{FAE04EC0-301F-11D3-BF4B-00C04F79EFBC}") = "Ch06_Exercise02", "Ch06_Exercise02\Ch06_Exercise02.csproj", "{A5559B2C-E245-4596-92E6-11FC47FE674B}"
EndProject
Project("{FAE04EC0-301F-11D3-BF4B-00C04F79EFBC}") = "Ch06_Exercise03", "Ch06_Exercise03\Ch06_Exercise03.csproj", "{909EF980-AD0B-4AB1-84A3-9C74D566FD30}"
EndProject
Global
	GlobalSection(SolutionConfigurationPlatforms) = preSolution
		Debug|Any CPU = Debug|Any CPU
		Release|Any CPU = Release|Any CPU
	EndGlobalSection
	GlobalSection(ProjectConfigurationPlatforms) = postSolution
		{A5559B2C-E245-4596-92E6-11FC47FE674B}.Debug|Any CPU.ActiveCfg = Debug|Any CPU
		{A5559B2C-E245-4596-92E6-11FC47FE674B}.Debug|Any CPU.Build.0 = Debug|Any CPU
		{A5559B2C-E245-4596-92E6-11FC47FE674B}.Release|Any CPU.ActiveCfg = Release|Any CPU
		{A5559B2C-E245-4596-92E6-11FC47FE674B}.Release|Any CPU.Build.0 = Release|Any CPU
		{909EF980-AD0B-4AB1-84A3-9C74D566FD30}.Debug|Any CPU.ActiveCfg = Debug|Any CPU
		{909EF980-AD0B-4AB1-84A3-9C74D566FD30}.Debug|Any CPU.Build.0 = Debug|Any CPU
		{909EF980-AD0B-4AB1-84A3-9C74D566FD30}.Release|Any CPU.ActiveCfg = Release|Any CPU
		{909EF980-AD0B-4AB1-84A3-9C74D566FD30}.Release|Any CPU.Build.0 = Release|Any CPU
	EndGlobalSection
	GlobalSection(SolutionProperties) = preSolution
		HideSolutionNode = FALSE
	EndGlobalSection
EndGlobal
